// !$*UTF8*$!
{
	archiveVersion = 1;
	classes = {
	};
	objectVersion = 46;
	objects = {

/* Begin PBXBuildFile section */
		340AB3981B78E7F300D552EB /* Tank.swift in Sources */ = {isa = PBXBuildFile; fileRef = 340AB3971B78E7F300D552EB /* Tank.swift */; };
		340AB39A1B78ED1500D552EB /* Board.swift in Sources */ = {isa = PBXBuildFile; fileRef = 340AB3991B78ED1500D552EB /* Board.swift */; };
		34D1CA221B6C4D41002A36EE /* AppDelegate.swift in Sources */ = {isa = PBXBuildFile; fileRef = 34D1CA211B6C4D41002A36EE /* AppDelegate.swift */; };
		34D1CA241B6C4D41002A36EE /* GameScene.sks in Resources */ = {isa = PBXBuildFile; fileRef = 34D1CA231B6C4D41002A36EE /* GameScene.sks */; };
		34D1CA261B6C4D41002A36EE /* GameScene.swift in Sources */ = {isa = PBXBuildFile; fileRef = 34D1CA251B6C4D41002A36EE /* GameScene.swift */; };
		34D1CA281B6C4D41002A36EE /* GameViewController.swift in Sources */ = {isa = PBXBuildFile; fileRef = 34D1CA271B6C4D41002A36EE /* GameViewController.swift */; };
		34D1CA2B1B6C4D41002A36EE /* Main.storyboard in Resources */ = {isa = PBXBuildFile; fileRef = 34D1CA291B6C4D41002A36EE /* Main.storyboard */; };
		34D1CA2D1B6C4D41002A36EE /* Images.xcassets in Resources */ = {isa = PBXBuildFile; fileRef = 34D1CA2C1B6C4D41002A36EE /* Images.xcassets */; };
		34D1CA301B6C4D41002A36EE /* LaunchScreen.xib in Resources */ = {isa = PBXBuildFile; fileRef = 34D1CA2E1B6C4D41002A36EE /* LaunchScreen.xib */; };
		34D1CA3C1B6C4D41002A36EE /* Friendly_FireTests.swift in Sources */ = {isa = PBXBuildFile; fileRef = 34D1CA3B1B6C4D41002A36EE /* Friendly_FireTests.swift */; };
		34D1CA461B6C4DE8002A36EE /* MainMenu.swift in Sources */ = {isa = PBXBuildFile; fileRef = 34D1CA451B6C4DE8002A36EE /* MainMenu.swift */; };
		34D1CA481B6C4E0E002A36EE /* GameEnded.swift in Sources */ = {isa = PBXBuildFile; fileRef = 34D1CA471B6C4E0E002A36EE /* GameEnded.swift */; };
		34D1CA4A1B6C4E31002A36EE /* HighScoreScene.swift in Sources */ = {isa = PBXBuildFile; fileRef = 34D1CA491B6C4E31002A36EE /* HighScoreScene.swift */; };
		34D1CA4C1B6C4E5A002A36EE /* RulesScene.swift in Sources */ = {isa = PBXBuildFile; fileRef = 34D1CA4B1B6C4E5A002A36EE /* RulesScene.swift */; };
		34D1CA4E1B6C4E7C002A36EE /* OtherMenuPage.swift in Sources */ = {isa = PBXBuildFile; fileRef = 34D1CA4D1B6C4E7C002A36EE /* OtherMenuPage.swift */; };
		34D1CA501B6C4E9D002A36EE /* SettingScene.swift in Sources */ = {isa = PBXBuildFile; fileRef = 34D1CA4F1B6C4E9D002A36EE /* SettingScene.swift */; };
/* End PBXBuildFile section */

/* Begin PBXContainerItemProxy section */
		34D1CA361B6C4D41002A36EE /* PBXContainerItemProxy */ = {
			isa = PBXContainerItemProxy;
			containerPortal = 34D1CA141B6C4D41002A36EE /* Project object */;
			proxyType = 1;
			remoteGlobalIDString = 34D1CA1B1B6C4D41002A36EE;
			remoteInfo = "Friendly Fire";
		};
/* End PBXContainerItemProxy section */

/* Begin PBXFileReference section */
		340AB3971B78E7F300D552EB /* Tank.swift */ = {isa = PBXFileReference; fileEncoding = 4; lastKnownFileType = sourcecode.swift; path = Tank.swift; sourceTree = "<group>"; };
		340AB3991B78ED1500D552EB /* Board.swift */ = {isa = PBXFileReference; fileEncoding = 4; lastKnownFileType = sourcecode.swift; path = Board.swift; sourceTree = "<group>"; };
		34D1CA1C1B6C4D41002A36EE /* Friendly Fire.app */ = {isa = PBXFileReference; explicitFileType = wrapper.application; includeInIndex = 0; path = "Friendly Fire.app"; sourceTree = BUILT_PRODUCTS_DIR; };
		34D1CA201B6C4D41002A36EE /* Info.plist */ = {isa = PBXFileReference; lastKnownFileType = text.plist.xml; path = Info.plist; sourceTree = "<group>"; };
		34D1CA211B6C4D41002A36EE /* AppDelegate.swift */ = {isa = PBXFileReference; lastKnownFileType = sourcecode.swift; path = AppDelegate.swift; sourceTree = "<group>"; };
		34D1CA231B6C4D41002A36EE /* GameScene.sks */ = {isa = PBXFileReference; lastKnownFileType = file.sks; path = GameScene.sks; sourceTree = "<group>"; };
		34D1CA251B6C4D41002A36EE /* GameScene.swift */ = {isa = PBXFileReference; lastKnownFileType = sourcecode.swift; path = GameScene.swift; sourceTree = "<group>"; };
		34D1CA271B6C4D41002A36EE /* GameViewController.swift */ = {isa = PBXFileReference; lastKnownFileType = sourcecode.swift; path = GameViewController.swift; sourceTree = "<group>"; };
		34D1CA2A1B6C4D41002A36EE /* Base */ = {isa = PBXFileReference; lastKnownFileType = file.storyboard; name = Base; path = Base.lproj/Main.storyboard; sourceTree = "<group>"; };
		34D1CA2C1B6C4D41002A36EE /* Images.xcassets */ = {isa = PBXFileReference; lastKnownFileType = folder.assetcatalog; path = Images.xcassets; sourceTree = "<group>"; };
		34D1CA2F1B6C4D41002A36EE /* Base */ = {isa = PBXFileReference; lastKnownFileType = file.xib; name = Base; path = Base.lproj/LaunchScreen.xib; sourceTree = "<group>"; };
		34D1CA351B6C4D41002A36EE /* Friendly FireTests.xctest */ = {isa = PBXFileReference; explicitFileType = wrapper.cfbundle; includeInIndex = 0; path = "Friendly FireTests.xctest"; sourceTree = BUILT_PRODUCTS_DIR; };
		34D1CA3A1B6C4D41002A36EE /* Info.plist */ = {isa = PBXFileReference; lastKnownFileType = text.plist.xml; path = Info.plist; sourceTree = "<group>"; };
		34D1CA3B1B6C4D41002A36EE /* Friendly_FireTests.swift */ = {isa = PBXFileReference; lastKnownFileType = sourcecode.swift; path = Friendly_FireTests.swift; sourceTree = "<group>"; };
		34D1CA451B6C4DE8002A36EE /* MainMenu.swift */ = {isa = PBXFileReference; fileEncoding = 4; lastKnownFileType = sourcecode.swift; path = MainMenu.swift; sourceTree = "<group>"; };
		34D1CA471B6C4E0E002A36EE /* GameEnded.swift */ = {isa = PBXFileReference; fileEncoding = 4; lastKnownFileType = sourcecode.swift; path = GameEnded.swift; sourceTree = "<group>"; };
		34D1CA491B6C4E31002A36EE /* HighScoreScene.swift */ = {isa = PBXFileReference; fileEncoding = 4; lastKnownFileType = sourcecode.swift; path = HighScoreScene.swift; sourceTree = "<group>"; };
		34D1CA4B1B6C4E5A002A36EE /* RulesScene.swift */ = {isa = PBXFileReference; fileEncoding = 4; lastKnownFileType = sourcecode.swift; path = RulesScene.swift; sourceTree = "<group>"; };
		34D1CA4D1B6C4E7C002A36EE /* OtherMenuPage.swift */ = {isa = PBXFileReference; fileEncoding = 4; lastKnownFileType = sourcecode.swift; path = OtherMenuPage.swift; sourceTree = "<group>"; };
		34D1CA4F1B6C4E9D002A36EE /* SettingScene.swift */ = {isa = PBXFileReference; fileEncoding = 4; lastKnownFileType = sourcecode.swift; path = SettingScene.swift; sourceTree = "<group>"; };
/* End PBXFileReference section */

/* Begin PBXFrameworksBuildPhase section */
		34D1CA191B6C4D41002A36EE /* Frameworks */ = {
			isa = PBXFrameworksBuildPhase;
			buildActionMask = 2147483647;
			files = (
			);
			runOnlyForDeploymentPostprocessing = 0;
		};
		34D1CA321B6C4D41002A36EE /* Frameworks */ = {
			isa = PBXFrameworksBuildPhase;
			buildActionMask = 2147483647;
			files = (
			);
			runOnlyForDeploymentPostprocessing = 0;
		};
/* End PBXFrameworksBuildPhase section */

/* Begin PBXGroup section */
		340AB3961B78E7C200D552EB /* OOP */ = {
			isa = PBXGroup;
			children = (
				340AB3971B78E7F300D552EB /* Tank.swift */,
				340AB3991B78ED1500D552EB /* Board.swift */,
			);
			name = OOP;
			sourceTree = "<group>";
		};
		34D1CA131B6C4D41002A36EE = {
			isa = PBXGroup;
			children = (
				34D1CA1E1B6C4D41002A36EE /* Friendly Fire */,
				34D1CA381B6C4D41002A36EE /* Friendly FireTests */,
				34D1CA1D1B6C4D41002A36EE /* Products */,
			);
			sourceTree = "<group>";
		};
		34D1CA1D1B6C4D41002A36EE /* Products */ = {
			isa = PBXGroup;
			children = (
				34D1CA1C1B6C4D41002A36EE /* Friendly Fire.app */,
				34D1CA351B6C4D41002A36EE /* Friendly FireTests.xctest */,
			);
			name = Products;
			sourceTree = "<group>";
		};
		34D1CA1E1B6C4D41002A36EE /* Friendly Fire */ = {
			isa = PBXGroup;
			children = (
				340AB3961B78E7C200D552EB /* OOP */,
				34D1CA511B6C50B3002A36EE /* Made By Apple */,
				34D1CA521B6C50B6002A36EE /* My Scenes */,
				34D1CA531B6C50B9002A36EE /* UI / Images / Sound */,
				34D1CA1F1B6C4D41002A36EE /* Supporting Files */,
			);
			path = "Friendly Fire";
			sourceTree = "<group>";
		};
		34D1CA1F1B6C4D41002A36EE /* Supporting Files */ = {
			isa = PBXGroup;
			children = (
				34D1CA201B6C4D41002A36EE /* Info.plist */,
			);
			name = "Supporting Files";
			sourceTree = "<group>";
		};
		34D1CA381B6C4D41002A36EE /* Friendly FireTests */ = {
			isa = PBXGroup;
			children = (
				34D1CA3B1B6C4D41002A36EE /* Friendly_FireTests.swift */,
				34D1CA391B6C4D41002A36EE /* Supporting Files */,
			);
			path = "Friendly FireTests";
			sourceTree = "<group>";
		};
		34D1CA391B6C4D41002A36EE /* Supporting Files */ = {
			isa = PBXGroup;
			children = (
				34D1CA3A1B6C4D41002A36EE /* Info.plist */,
			);
			name = "Supporting Files";
			sourceTree = "<group>";
		};
		34D1CA511B6C50B3002A36EE /* Made By Apple */ = {
			isa = PBXGroup;
			children = (
				34D1CA211B6C4D41002A36EE /* AppDelegate.swift */,
				34D1CA231B6C4D41002A36EE /* GameScene.sks */,
				34D1CA271B6C4D41002A36EE /* GameViewController.swift */,
			);
			name = "Made By Apple";
			sourceTree = "<group>";
		};
		34D1CA521B6C50B6002A36EE /* My Scenes */ = {
			isa = PBXGroup;
			children = (
				34D1CA491B6C4E31002A36EE /* HighScoreScene.swift */,
				34D1CA4F1B6C4E9D002A36EE /* SettingScene.swift */,
				34D1CA251B6C4D41002A36EE /* GameScene.swift */,
				34D1CA451B6C4DE8002A36EE /* MainMenu.swift */,
				34D1CA471B6C4E0E002A36EE /* GameEnded.swift */,
				34D1CA4B1B6C4E5A002A36EE /* RulesScene.swift */,
				34D1CA4D1B6C4E7C002A36EE /* OtherMenuPage.swift */,
			);
			name = "My Scenes";
			sourceTree = "<group>";
		};
		34D1CA531B6C50B9002A36EE /* UI / Images / Sound */ = {
			isa = PBXGroup;
			children = (
				34D1CA291B6C4D41002A36EE /* Main.storyboard */,
				34D1CA2C1B6C4D41002A36EE /* Images.xcassets */,
				34D1CA2E1B6C4D41002A36EE /* LaunchScreen.xib */,
			);
			name = "UI / Images / Sound";
			sourceTree = "<group>";
		};
/* End PBXGroup section */

/* Begin PBXNativeTarget section */
		34D1CA1B1B6C4D41002A36EE /* Friendly Fire */ = {
			isa = PBXNativeTarget;
			buildConfigurationList = 34D1CA3F1B6C4D41002A36EE /* Build configuration list for PBXNativeTarget "Friendly Fire" */;
			buildPhases = (
				34D1CA181B6C4D41002A36EE /* Sources */,
				34D1CA191B6C4D41002A36EE /* Frameworks */,
				34D1CA1A1B6C4D41002A36EE /* Resources */,
			);
			buildRules = (
			);
			dependencies = (
			);
			name = "Friendly Fire";
			productName = "Friendly Fire";
			productReference = 34D1CA1C1B6C4D41002A36EE /* Friendly Fire.app */;
			productType = "com.apple.product-type.application";
		};
		34D1CA341B6C4D41002A36EE /* Friendly FireTests */ = {
			isa = PBXNativeTarget;
			buildConfigurationList = 34D1CA421B6C4D41002A36EE /* Build configuration list for PBXNativeTarget "Friendly FireTests" */;
			buildPhases = (
				34D1CA311B6C4D41002A36EE /* Sources */,
				34D1CA321B6C4D41002A36EE /* Frameworks */,
				34D1CA331B6C4D41002A36EE /* Resources */,
			);
			buildRules = (
			);
			dependencies = (
				34D1CA371B6C4D41002A36EE /* PBXTargetDependency */,
			);
			name = "Friendly FireTests";
			productName = "Friendly FireTests";
			productReference = 34D1CA351B6C4D41002A36EE /* Friendly FireTests.xctest */;
			productType = "com.apple.product-type.bundle.unit-test";
		};
/* End PBXNativeTarget section */

/* Begin PBXProject section */
		34D1CA141B6C4D41002A36EE /* Project object */ = {
			isa = PBXProject;
			attributes = {
				LastSwiftMigration = 0700;
				LastSwiftUpdateCheck = 0700;
				LastUpgradeCheck = 0640;
				ORGANIZATIONNAME = macrevieweru;
				TargetAttributes = {
					34D1CA1B1B6C4D41002A36EE = {
						CreatedOnToolsVersion = 6.4;
						DevelopmentTeam = NCVQLT4VT4;
					};
					34D1CA341B6C4D41002A36EE = {
						CreatedOnToolsVersion = 6.4;
						TestTargetID = 34D1CA1B1B6C4D41002A36EE;
					};
				};
			};
			buildConfigurationList = 34D1CA171B6C4D41002A36EE /* Build configuration list for PBXProject "Friendly Fire" */;
			compatibilityVersion = "Xcode 3.2";
			developmentRegion = English;
			hasScannedForEncodings = 0;
			knownRegions = (
				en,
				Base,
			);
			mainGroup = 34D1CA131B6C4D41002A36EE;
			productRefGroup = 34D1CA1D1B6C4D41002A36EE /* Products */;
			projectDirPath = "";
			projectRoot = "";
			targets = (
				34D1CA1B1B6C4D41002A36EE /* Friendly Fire */,
				34D1CA341B6C4D41002A36EE /* Friendly FireTests */,
			);
		};
/* End PBXProject section */

/* Begin PBXResourcesBuildPhase section */
		34D1CA1A1B6C4D41002A36EE /* Resources */ = {
			isa = PBXResourcesBuildPhase;
			buildActionMask = 2147483647;
			files = (
				34D1CA301B6C4D41002A36EE /* LaunchScreen.xib in Resources */,
				34D1CA2D1B6C4D41002A36EE /* Images.xcassets in Resources */,
				34D1CA241B6C4D41002A36EE /* GameScene.sks in Resources */,
				34D1CA2B1B6C4D41002A36EE /* Main.storyboard in Resources */,
			);
			runOnlyForDeploymentPostprocessing = 0;
		};
		34D1CA331B6C4D41002A36EE /* Resources */ = {
			isa = PBXResourcesBuildPhase;
			buildActionMask = 2147483647;
			files = (
			);
			runOnlyForDeploymentPostprocessing = 0;
		};
/* End PBXResourcesBuildPhase section */

/* Begin PBXSourcesBuildPhase section */
		34D1CA181B6C4D41002A36EE /* Sources */ = {
			isa = PBXSourcesBuildPhase;
			buildActionMask = 2147483647;
			files = (
				34D1CA261B6C4D41002A36EE /* GameScene.swift in Sources */,
				34D1CA281B6C4D41002A36EE /* GameViewController.swift in Sources */,
				34D1CA4E1B6C4E7C002A36EE /* OtherMenuPage.swift in Sources */,
				34D1CA481B6C4E0E002A36EE /* GameEnded.swift in Sources */,
				340AB39A1B78ED1500D552EB /* Board.swift in Sources */,
				34D1CA4A1B6C4E31002A36EE /* HighScoreScene.swift in Sources */,
				34D1CA4C1B6C4E5A002A36EE /* RulesScene.swift in Sources */,
				34D1CA221B6C4D41002A36EE /* AppDelegate.swift in Sources */,
				340AB3981B78E7F300D552EB /* Tank.swift in Sources */,
				34D1CA461B6C4DE8002A36EE /* MainMenu.swift in Sources */,
				34D1CA501B6C4E9D002A36EE /* SettingScene.swift in Sources */,
			);
			runOnlyForDeploymentPostprocessing = 0;
		};
		34D1CA311B6C4D41002A36EE /* Sources */ = {
			isa = PBXSourcesBuildPhase;
			buildActionMask = 2147483647;
			files = (
				34D1CA3C1B6C4D41002A36EE /* Friendly_FireTests.swift in Sources */,
			);
			runOnlyForDeploymentPostprocessing = 0;
		};
/* End PBXSourcesBuildPhase section */

/* Begin PBXTargetDependency section */
		34D1CA371B6C4D41002A36EE /* PBXTargetDependency */ = {
			isa = PBXTargetDependency;
			target = 34D1CA1B1B6C4D41002A36EE /* Friendly Fire */;
			targetProxy = 34D1CA361B6C4D41002A36EE /* PBXContainerItemProxy */;
		};
/* End PBXTargetDependency section */

/* Begin PBXVariantGroup section */
		34D1CA291B6C4D41002A36EE /* Main.storyboard */ = {
			isa = PBXVariantGroup;
			children = (
				34D1CA2A1B6C4D41002A36EE /* Base */,
			);
			name = Main.storyboard;
			sourceTree = "<group>";
		};
		34D1CA2E1B6C4D41002A36EE /* LaunchScreen.xib */ = {
			isa = PBXVariantGroup;
			children = (
				34D1CA2F1B6C4D41002A36EE /* Base */,
			);
			name = LaunchScreen.xib;
			sourceTree = "<group>";
		};
/* End PBXVariantGroup section */

/* Begin XCBuildConfiguration section */
		34D1CA3D1B6C4D41002A36EE /* Debug */ = {
			isa = XCBuildConfiguration;
			buildSettings = {
				ALWAYS_SEARCH_USER_PATHS = NO;
				CLANG_CXX_LANGUAGE_STANDARD = "gnu++0x";
				CLANG_CXX_LIBRARY = "libc++";
				CLANG_ENABLE_MODULES = YES;
				CLANG_ENABLE_OBJC_ARC = YES;
				CLANG_WARN_BOOL_CONVERSION = YES;
				CLANG_WARN_CONSTANT_CONVERSION = YES;
				CLANG_WARN_DIRECT_OBJC_ISA_USAGE = YES_ERROR;
				CLANG_WARN_EMPTY_BODY = YES;
				CLANG_WARN_ENUM_CONVERSION = YES;
				CLANG_WARN_INT_CONVERSION = YES;
				CLANG_WARN_OBJC_ROOT_CLASS = YES_ERROR;
				CLANG_WARN_UNREACHABLE_CODE = YES;
				CLANG_WARN__DUPLICATE_METHOD_MATCH = YES;
				"CODE_SIGN_IDENTITY[sdk=iphoneos*]" = "iPhone Developer";
				COPY_PHASE_STRIP = NO;
				DEBUG_INFORMATION_FORMAT = "dwarf-with-dsym";
				ENABLE_STRICT_OBJC_MSGSEND = YES;
				GCC_C_LANGUAGE_STANDARD = gnu99;
				GCC_DYNAMIC_NO_PIC = NO;
				GCC_NO_COMMON_BLOCKS = YES;
				GCC_OPTIMIZATION_LEVEL = 0;
				GCC_PREPROCESSOR_DEFINITIONS = (
					"DEBUG=1",
					"$(inherited)",
				);
				GCC_SYMBOLS_PRIVATE_EXTERN = NO;
				GCC_WARN_64_TO_32_BIT_CONVERSION = YES;
				GCC_WARN_ABOUT_RETURN_TYPE = YES_ERROR;
				GCC_WARN_UNDECLARED_SELECTOR = YES;
				GCC_WARN_UNINITIALIZED_AUTOS = YES_AGGRESSIVE;
				GCC_WARN_UNUSED_FUNCTION = YES;
				GCC_WARN_UNUSED_VARIABLE = YES;
				IPHONEOS_DEPLOYMENT_TARGET = 8.4;
				MTL_ENABLE_DEBUG_INFO = YES;
				ONLY_ACTIVE_ARCH = YES;
				SDKROOT = iphoneos;
				SWIFT_OPTIMIZATION_LEVEL = "-Onone";
			};
			name = Debug;
		};
		34D1CA3E1B6C4D41002A36EE /* Release */ = {
			isa = XCBuildConfiguration;
			buildSettings = {
				ALWAYS_SEARCH_USER_PATHS = NO;
				CLANG_CXX_LANGUAGE_STANDARD = "gnu++0x";
				CLANG_CXX_LIBRARY = "libc++";
				CLANG_ENABLE_MODULES = YES;
				CLANG_ENABLE_OBJC_ARC = YES;
				CLANG_WARN_BOOL_CONVERSION = YES;
				CLANG_WARN_CONSTANT_CONVERSION = YES;
				CLANG_WARN_DIRECT_OBJC_ISA_USAGE = YES_ERROR;
				CLANG_WARN_EMPTY_BODY = YES;
				CLANG_WARN_ENUM_CONVERSION = YES;
				CLANG_WARN_INT_CONVERSION = YES;
				CLANG_WARN_OBJC_ROOT_CLASS = YES_ERROR;
				CLANG_WARN_UNREACHABLE_CODE = YES;
				CLANG_WARN__DUPLICATE_METHOD_MATCH = YES;
				"CODE_SIGN_IDENTITY[sdk=iphoneos*]" = "iPhone Developer";
				COPY_PHASE_STRIP = NO;
				DEBUG_INFORMATION_FORMAT = "dwarf-with-dsym";
				ENABLE_NS_ASSERTIONS = NO;
				ENABLE_STRICT_OBJC_MSGSEND = YES;
				GCC_C_LANGUAGE_STANDARD = gnu99;
				GCC_NO_COMMON_BLOCKS = YES;
				GCC_WARN_64_TO_32_BIT_CONVERSION = YES;
				GCC_WARN_ABOUT_RETURN_TYPE = YES_ERROR;
				GCC_WARN_UNDECLARED_SELECTOR = YES;
				GCC_WARN_UNINITIALIZED_AUTOS = YES_AGGRESSIVE;
				GCC_WARN_UNUSED_FUNCTION = YES;
				GCC_WARN_UNUSED_VARIABLE = YES;
				IPHONEOS_DEPLOYMENT_TARGET = 8.4;
				MTL_ENABLE_DEBUG_INFO = NO;
				SDKROOT = iphoneos;
				VALIDATE_PRODUCT = YES;
			};
			name = Release;
		};
		34D1CA401B6C4D41002A36EE /* Debug */ = {
			isa = XCBuildConfiguration;
			buildSettings = {
				ASSETCATALOG_COMPILER_APPICON_NAME = AppIcon;
				CODE_SIGN_IDENTITY = "iPhone Distribution: Ilyse Garber (NCVQLT4VT4)";
				"CODE_SIGN_IDENTITY[sdk=iphoneos*]" = "iPhone Distribution";
				INFOPLIST_FILE = "Friendly Fire/Info.plist";
				LD_RUNPATH_SEARCH_PATHS = "$(inherited) @executable_path/Frameworks";
				PRODUCT_NAME = "$(TARGET_NAME)";
				PROVISIONING_PROFILE = "fc19913c-8a58-41a5-832e-cb3166bc594d";
				TARGETED_DEVICE_FAMILY = 1;
			};
			name = Debug;
		};
		34D1CA411B6C4D41002A36EE /* Release */ = {
			isa = XCBuildConfiguration;
			buildSettings = {
				ASSETCATALOG_COMPILER_APPICON_NAME = AppIcon;
				CODE_SIGN_IDENTITY = "iPhone Distribution: Ilyse Garber (NCVQLT4VT4)";
				"CODE_SIGN_IDENTITY[sdk=iphoneos*]" = "iPhone Distribution";
				INFOPLIST_FILE = "Friendly Fire/Info.plist";
				LD_RUNPATH_SEARCH_PATHS = "$(inherited) @executable_path/Frameworks";
				PRODUCT_NAME = "$(TARGET_NAME)";
				PROVISIONING_PROFILE = "fc19913c-8a58-41a5-832e-cb3166bc594d";
				TARGETED_DEVICE_FAMILY = 1;
			};
			name = Release;
		};
		34D1CA431B6C4D41002A36EE /* Debug */ = {
			isa = XCBuildConfiguration;
			buildSettings = {
				BUNDLE_LOADER = "$(TEST_HOST)";
				FRAMEWORK_SEARCH_PATHS = (
					"$(SDKROOT)/Developer/Library/Frameworks",
					"$(inherited)",
				);
				GCC_PREPROCESSOR_DEFINITIONS = (
					"DEBUG=1",
					"$(inherited)",
				);
				INFOPLIST_FILE = "Friendly FireTests/Info.plist";
				LD_RUNPATH_SEARCH_PATHS = "$(inherited) @executable_path/Frameworks @loader_path/Frameworks";
				PRODUCT_NAME = "$(TARGET_NAME)";
				TEST_HOST = "$(BUILT_PRODUCTS_DIR)/Friendly Fire.app/Friendly Fire";
			};
			name = Debug;
		};
		34D1CA441B6C4D41002A36EE /* Release */ = {
			isa = XCBuildConfiguration;
			buildSettings = {
				BUNDLE_LOADER = "$(TEST_HOST)";
				FRAMEWORK_SEARCH_PATHS = (
					"$(SDKROOT)/Developer/Library/Frameworks",
					"$(inherited)",
				);
				INFOPLIST_FILE = "Friendly FireTests/Info.plist";
				LD_RUNPATH_SEARCH_PATHS = "$(inherited) @executable_path/Frameworks @loader_path/Frameworks";
				PRODUCT_NAME = "$(TARGET_NAME)";
				TEST_HOST = "$(BUILT_PRODUCTS_DIR)/Friendly Fire.app/Friendly Fire";
			};
			name = Release;
		};
/* End XCBuildConfiguration section */

/* Begin XCConfigurationList section */
		34D1CA171B6C4D41002A36EE /* Build configuration list for PBXProject "Friendly Fire" */ = {
			isa = XCConfigurationList;
			buildConfigurations = (
				34D1CA3D1B6C4D41002A36EE /* Debug */,
				34D1CA3E1B6C4D41002A36EE /* Release */,
			);
			defaultConfigurationIsVisible = 0;
			defaultConfigurationName = Release;
		};
		34D1CA3F1B6C4D41002A36EE /* Build configuration list for PBXNativeTarget "Friendly Fire" */ = {
			isa = XCConfigurationList;
			buildConfigurations = (
				34D1CA401B6C4D41002A36EE /* Debug */,
				34D1CA411B6C4D41002A36EE /* Release */,
			);
			defaultConfigurationIsVisible = 0;
			defaultConfigurationName = Release;
		};
		34D1CA421B6C4D41002A36EE /* Build configuration list for PBXNativeTarget "Friendly FireTests" */ = {
			isa = XCConfigurationList;
			buildConfigurations = (
				34D1CA431B6C4D41002A36EE /* Debug */,
				34D1CA441B6C4D41002A36EE /* Release */,
			);
			defaultConfigurationIsVisible = 0;
			defaultConfigurationName = Release;
		};
/* End XCConfigurationList section */
	};
	rootObject = 34D1CA141B6C4D41002A36EE /* Project object */;
}
